
Microsoft Visual Studio Solution File, Format Version 12.00
# Visual Studio 15
VisualStudioVersion = 15.0.28307.852
MinimumVisualStudioVersion = 10.0.40219.1
Project("{8BC9CEB8-8B4A-11D0-8D11-00A0C91BC942}") = "kechengsj", "kechengsj\kechengsj.vcxproj", "{960C1C5F-D28D-4E4B-9923-0C3AA3336ED7}"
EndProject
Global
	GlobalSection(SolutionConfigurationPlatforms) = preSolution
		Debug|x64 = Debug|x64
		Debug|x86 = Debug|x86
		Release|x64 = Release|x64
		Release|x86 = Release|x86
	EndGlobalSection
	GlobalSection(ProjectConfigurationPlatforms) = postSolution
		{960C1C5F-D28D-4E4B-9923-0C3AA3336ED7}.Debug|x64.ActiveCfg = Debug|x64
		{960C1C5F-D28D-4E4B-9923-0C3AA3336ED7}.Debug|x64.Build.0 = Debug|x64
		{960C1C5F-D28D-4E4B-9923-0C3AA3336ED7}.Debug|x86.ActiveCfg = Debug|Win32
		{960C1C5F-D28D-4E4B-9923-0C3AA3336ED7}.Debug|x86.Build.0 = Debug|Win32
		{960C1C5F-D28D-4E4B-9923-0C3AA3336ED7}.Release|x64.ActiveCfg = Release|x64
		{960C1C5F-D28D-4E4B-9923-0C3AA3336ED7}.Release|x64.Build.0 = Release|x64
		{960C1C5F-D28D-4E4B-9923-0C3AA3336ED7}.Release|x86.ActiveCfg = Release|Win32
		{960C1C5F-D28D-4E4B-9923-0C3AA3336ED7}.Release|x86.Build.0 = Release|Win32
	EndGlobalSection
	GlobalSection(SolutionProperties) = preSolution
		HideSolutionNode = FALSE
	EndGlobalSection
	GlobalSection(ExtensibilityGlobals) = postSolution
		SolutionGuid = {7074C763-999F-440C-94C0-5EC20F0C4ACA}
	EndGlobalSection
EndGlobal
